
Microsoft Visual Studio Solution File, Format Version 12.00
# Visual Studio Version 17
VisualStudioVersion = 17.11.35208.52
MinimumVisualStudioVersion = 10.0.40219.1
Project("{9A19103F-16F7-4668-BE54-9A1E7A4F7556}") = "AbstractFactory(Concept)", "Abstract Factory\AbstractFactory(Concept).csproj", "{C18F3262-FE30-43F3-8AEC-8CAD558675B4}"
EndProject
Project("{2150E333-8FDC-42A3-9474-1A3956D46DE8}") = "CreationPatterns", "CreationPatterns", "{2E98E951-6371-4E3D-8DCA-6C9693E54632}"
EndProject
Project("{9A19103F-16F7-4668-BE54-9A1E7A4F7556}") = "DBSysteAbstractFactory_Concrete", "DBSysteAbstractFactory_Concrete\DBSysteAbstractFactory_Concrete.csproj", "{827D5652-2C42-46CD-999D-E59F8044C722}"
EndProject
Project("{9A19103F-16F7-4668-BE54-9A1E7A4F7556}") = "Builder", "Builder\Builder.csproj", "{4868D9A8-9302-491F-BF72-5B8A35E5E3BC}"
EndProject
Project("{9A19103F-16F7-4668-BE54-9A1E7A4F7556}") = "BuilderSQLQuery", "BuilderSQLQuery\BuilderSQLQuery.csproj", "{1E35528F-A0FD-4402-94EC-73E1F02B8B16}"
EndProject
Project("{9A19103F-16F7-4668-BE54-9A1E7A4F7556}") = "FactoryMethod_Concept", "FactoryMethod_Concept\FactoryMethod_Concept.csproj", "{5844F82F-6A70-49DE-9A75-813CD44DF8AC}"
EndProject
Project("{9A19103F-16F7-4668-BE54-9A1E7A4F7556}") = "FactoryMethod_Concrete", "FactoryMethod_Concrete\FactoryMethod_Concrete.csproj", "{A15A28FC-9E84-4CCA-B045-9E127A962C51}"
EndProject
Project("{9A19103F-16F7-4668-BE54-9A1E7A4F7556}") = "Prototype_Concrete", "Prototype_Concrete\Prototype_Concrete.csproj", "{59086444-D02F-48EA-8915-4748DF98AB1D}"
EndProject
Project("{9A19103F-16F7-4668-BE54-9A1E7A4F7556}") = "Prototype_Concept", "Prototype_Concept\Prototype_Concept.csproj", "{724FEBFA-534A-4033-8673-144FE534F4DB}"
EndProject
Project("{9A19103F-16F7-4668-BE54-9A1E7A4F7556}") = "Singelton_Concept_One_Thread", "Singelton_Concept_One_Thread\Singelton_Concept_One_Thread.csproj", "{F387C249-EC14-4AD2-965E-A459FA4ECFF9}"
EndProject
Project("{2150E333-8FDC-42A3-9474-1A3956D46DE8}") = "StructurialPatterns", "StructurialPatterns", "{FDEE5884-785B-490E-9FF6-A380CDFAFE80}"
EndProject
Project("{9A19103F-16F7-4668-BE54-9A1E7A4F7556}") = "Bridge_Concrete", "Bridge_Concrete\Bridge_Concrete.csproj", "{1EB089E0-841B-4951-A8E6-ED22511CD814}"
EndProject
Project("{9A19103F-16F7-4668-BE54-9A1E7A4F7556}") = "Adapter_Concept", "Adapter_Concept\Adapter_Concept.csproj", "{01F631EB-20BD-4948-9090-0BA062015013}"
EndProject
Project("{9A19103F-16F7-4668-BE54-9A1E7A4F7556}") = "Decorator_Concept", "Decorator_Concept\Decorator_Concept.csproj", "{20086D4D-4E2A-4199-BCB7-645342035C6B}"
EndProject
Project("{9A19103F-16F7-4668-BE54-9A1E7A4F7556}") = "Decorator_Concrete", "Decorator_Concrete\Decorator_Concrete.csproj", "{02FE6489-EEA2-4A31-B989-48D8156B966D}"
EndProject
Project("{9A19103F-16F7-4668-BE54-9A1E7A4F7556}") = "Proxy_Conceptual", "Proxy_Conceptual\Proxy_Conceptual.csproj", "{6B84D238-906D-4875-B78C-4297F0BF1ABB}"
EndProject
Project("{9A19103F-16F7-4668-BE54-9A1E7A4F7556}") = "Facade_Conceptual", "Facade_Conceptual\Facade_Conceptual.csproj", "{DBC07C35-2FF7-46FB-B6D5-EFC258ECBBAC}"
EndProject
Project("{9A19103F-16F7-4668-BE54-9A1E7A4F7556}") = "Flyweight_Conceptual", "Flyweight_Conceptual\Flyweight_Conceptual.csproj", "{BBED6825-0CB1-41EE-BDD9-FCE3ABCDFF48}"
EndProject
Project("{9A19103F-16F7-4668-BE54-9A1E7A4F7556}") = "IteratorJoinComposite", "IteratorJoinComposite\IteratorJoinComposite.csproj", "{1A4FC568-945D-425A-B195-D9E0817D0E11}"
EndProject
Project("{2150E333-8FDC-42A3-9474-1A3956D46DE8}") = "BehaviourPatterns", "BehaviourPatterns", "{F3F98E05-4EC9-4511-A04E-08FBBBD64975}"
EndProject
Project("{9A19103F-16F7-4668-BE54-9A1E7A4F7556}") = "Composite_Conceptual", "Composite_Conceptual\Composite_Conceptual.csproj", "{90387677-B99B-43D4-AB94-BC348EDEADDE}"
EndProject
Project("{9A19103F-16F7-4668-BE54-9A1E7A4F7556}") = "Composite_Concrete", "Composite_Concrete\Composite_Concrete.csproj", "{E80C4016-2A6B-46FC-8799-C2871B847153}"
EndProject
Project("{9A19103F-16F7-4668-BE54-9A1E7A4F7556}") = "Command_Conceptual", "Command_Conceptual\Command_Conceptual.csproj", "{9B0F2E48-7EEB-4BF1-842B-C3358229F55C}"
EndProject
Project("{9A19103F-16F7-4668-BE54-9A1E7A4F7556}") = "Command_Concrete", "Command_Concrete\Command_Concrete.csproj", "{EDCE7CA1-0F7E-4B7C-B561-989EAAC07D16}"
EndProject
Project("{9A19103F-16F7-4668-BE54-9A1E7A4F7556}") = "Iterator_with_Composite_Concrete", "Iterator_with_Composite_Concrete\Iterator_with_Composite_Concrete.csproj", "{03AC3610-0789-4536-85AD-18202186B786}"
EndProject
Project("{9A19103F-16F7-4668-BE54-9A1E7A4F7556}") = "Iterator_Conceptual", "Iterator_Conceptual\Iterator_Conceptual.csproj", "{34F7E10C-5755-47BD-8A78-AA9927379A92}"
EndProject
Project("{FAE04EC0-301F-11D3-BF4B-00C04F79EFBC}") = "Observer_Concrete", "Observer_Concrete\Observer_Concrete.csproj", "{F57800F2-ED99-43C7-B5F8-21D9F5ACE156}"
EndProject
Project("{FAE04EC0-301F-11D3-BF4B-00C04F79EFBC}") = "Mediator_Conceptual", "Mediator_Conceptual\Mediator_Conceptual.csproj", "{32C992CB-C1F6-4286-A629-52F0C4032F31}"
EndProject
Global
	GlobalSection(SolutionConfigurationPlatforms) = preSolution
		Debug|Any CPU = Debug|Any CPU
		Release|Any CPU = Release|Any CPU
	EndGlobalSection
	GlobalSection(ProjectConfigurationPlatforms) = postSolution
		{C18F3262-FE30-43F3-8AEC-8CAD558675B4}.Debug|Any CPU.ActiveCfg = Debug|Any CPU
		{C18F3262-FE30-43F3-8AEC-8CAD558675B4}.Debug|Any CPU.Build.0 = Debug|Any CPU
		{C18F3262-FE30-43F3-8AEC-8CAD558675B4}.Release|Any CPU.ActiveCfg = Release|Any CPU
		{C18F3262-FE30-43F3-8AEC-8CAD558675B4}.Release|Any CPU.Build.0 = Release|Any CPU
		{827D5652-2C42-46CD-999D-E59F8044C722}.Debug|Any CPU.ActiveCfg = Debug|Any CPU
		{827D5652-2C42-46CD-999D-E59F8044C722}.Debug|Any CPU.Build.0 = Debug|Any CPU
		{827D5652-2C42-46CD-999D-E59F8044C722}.Release|Any CPU.ActiveCfg = Release|Any CPU
		{827D5652-2C42-46CD-999D-E59F8044C722}.Release|Any CPU.Build.0 = Release|Any CPU
		{4868D9A8-9302-491F-BF72-5B8A35E5E3BC}.Debug|Any CPU.ActiveCfg = Debug|Any CPU
		{4868D9A8-9302-491F-BF72-5B8A35E5E3BC}.Debug|Any CPU.Build.0 = Debug|Any CPU
		{4868D9A8-9302-491F-BF72-5B8A35E5E3BC}.Release|Any CPU.ActiveCfg = Release|Any CPU
		{4868D9A8-9302-491F-BF72-5B8A35E5E3BC}.Release|Any CPU.Build.0 = Release|Any CPU
		{1E35528F-A0FD-4402-94EC-73E1F02B8B16}.Debug|Any CPU.ActiveCfg = Debug|Any CPU
		{1E35528F-A0FD-4402-94EC-73E1F02B8B16}.Debug|Any CPU.Build.0 = Debug|Any CPU
		{1E35528F-A0FD-4402-94EC-73E1F02B8B16}.Release|Any CPU.ActiveCfg = Release|Any CPU
		{1E35528F-A0FD-4402-94EC-73E1F02B8B16}.Release|Any CPU.Build.0 = Release|Any CPU
		{5844F82F-6A70-49DE-9A75-813CD44DF8AC}.Debug|Any CPU.ActiveCfg = Debug|Any CPU
		{5844F82F-6A70-49DE-9A75-813CD44DF8AC}.Debug|Any CPU.Build.0 = Debug|Any CPU
		{5844F82F-6A70-49DE-9A75-813CD44DF8AC}.Release|Any CPU.ActiveCfg = Release|Any CPU
		{5844F82F-6A70-49DE-9A75-813CD44DF8AC}.Release|Any CPU.Build.0 = Release|Any CPU
		{A15A28FC-9E84-4CCA-B045-9E127A962C51}.Debug|Any CPU.ActiveCfg = Debug|Any CPU
		{A15A28FC-9E84-4CCA-B045-9E127A962C51}.Debug|Any CPU.Build.0 = Debug|Any CPU
		{A15A28FC-9E84-4CCA-B045-9E127A962C51}.Release|Any CPU.ActiveCfg = Release|Any CPU
		{A15A28FC-9E84-4CCA-B045-9E127A962C51}.Release|Any CPU.Build.0 = Release|Any CPU
		{59086444-D02F-48EA-8915-4748DF98AB1D}.Debug|Any CPU.ActiveCfg = Debug|Any CPU
		{59086444-D02F-48EA-8915-4748DF98AB1D}.Debug|Any CPU.Build.0 = Debug|Any CPU
		{59086444-D02F-48EA-8915-4748DF98AB1D}.Release|Any CPU.ActiveCfg = Release|Any CPU
		{59086444-D02F-48EA-8915-4748DF98AB1D}.Release|Any CPU.Build.0 = Release|Any CPU
		{724FEBFA-534A-4033-8673-144FE534F4DB}.Debug|Any CPU.ActiveCfg = Debug|Any CPU
		{724FEBFA-534A-4033-8673-144FE534F4DB}.Debug|Any CPU.Build.0 = Debug|Any CPU
		{724FEBFA-534A-4033-8673-144FE534F4DB}.Release|Any CPU.ActiveCfg = Release|Any CPU
		{724FEBFA-534A-4033-8673-144FE534F4DB}.Release|Any CPU.Build.0 = Release|Any CPU
		{F387C249-EC14-4AD2-965E-A459FA4ECFF9}.Debug|Any CPU.ActiveCfg = Debug|Any CPU
		{F387C249-EC14-4AD2-965E-A459FA4ECFF9}.Debug|Any CPU.Build.0 = Debug|Any CPU
		{F387C249-EC14-4AD2-965E-A459FA4ECFF9}.Release|Any CPU.ActiveCfg = Release|Any CPU
		{F387C249-EC14-4AD2-965E-A459FA4ECFF9}.Release|Any CPU.Build.0 = Release|Any CPU
		{1EB089E0-841B-4951-A8E6-ED22511CD814}.Debug|Any CPU.ActiveCfg = Debug|Any CPU
		{1EB089E0-841B-4951-A8E6-ED22511CD814}.Debug|Any CPU.Build.0 = Debug|Any CPU
		{1EB089E0-841B-4951-A8E6-ED22511CD814}.Release|Any CPU.ActiveCfg = Release|Any CPU
		{1EB089E0-841B-4951-A8E6-ED22511CD814}.Release|Any CPU.Build.0 = Release|Any CPU
		{01F631EB-20BD-4948-9090-0BA062015013}.Debug|Any CPU.ActiveCfg = Debug|Any CPU
		{01F631EB-20BD-4948-9090-0BA062015013}.Debug|Any CPU.Build.0 = Debug|Any CPU
		{01F631EB-20BD-4948-9090-0BA062015013}.Release|Any CPU.ActiveCfg = Release|Any CPU
		{01F631EB-20BD-4948-9090-0BA062015013}.Release|Any CPU.Build.0 = Release|Any CPU
		{20086D4D-4E2A-4199-BCB7-645342035C6B}.Debug|Any CPU.ActiveCfg = Debug|Any CPU
		{20086D4D-4E2A-4199-BCB7-645342035C6B}.Debug|Any CPU.Build.0 = Debug|Any CPU
		{20086D4D-4E2A-4199-BCB7-645342035C6B}.Release|Any CPU.ActiveCfg = Release|Any CPU
		{20086D4D-4E2A-4199-BCB7-645342035C6B}.Release|Any CPU.Build.0 = Release|Any CPU
		{02FE6489-EEA2-4A31-B989-48D8156B966D}.Debug|Any CPU.ActiveCfg = Debug|Any CPU
		{02FE6489-EEA2-4A31-B989-48D8156B966D}.Debug|Any CPU.Build.0 = Debug|Any CPU
		{02FE6489-EEA2-4A31-B989-48D8156B966D}.Release|Any CPU.ActiveCfg = Release|Any CPU
		{02FE6489-EEA2-4A31-B989-48D8156B966D}.Release|Any CPU.Build.0 = Release|Any CPU
		{6B84D238-906D-4875-B78C-4297F0BF1ABB}.Debug|Any CPU.ActiveCfg = Debug|Any CPU
		{6B84D238-906D-4875-B78C-4297F0BF1ABB}.Debug|Any CPU.Build.0 = Debug|Any CPU
		{6B84D238-906D-4875-B78C-4297F0BF1ABB}.Release|Any CPU.ActiveCfg = Release|Any CPU
		{6B84D238-906D-4875-B78C-4297F0BF1ABB}.Release|Any CPU.Build.0 = Release|Any CPU
		{DBC07C35-2FF7-46FB-B6D5-EFC258ECBBAC}.Debug|Any CPU.ActiveCfg = Debug|Any CPU
		{DBC07C35-2FF7-46FB-B6D5-EFC258ECBBAC}.Debug|Any CPU.Build.0 = Debug|Any CPU
		{DBC07C35-2FF7-46FB-B6D5-EFC258ECBBAC}.Release|Any CPU.ActiveCfg = Release|Any CPU
		{DBC07C35-2FF7-46FB-B6D5-EFC258ECBBAC}.Release|Any CPU.Build.0 = Release|Any CPU
		{BBED6825-0CB1-41EE-BDD9-FCE3ABCDFF48}.Debug|Any CPU.ActiveCfg = Debug|Any CPU
		{BBED6825-0CB1-41EE-BDD9-FCE3ABCDFF48}.Debug|Any CPU.Build.0 = Debug|Any CPU
		{BBED6825-0CB1-41EE-BDD9-FCE3ABCDFF48}.Release|Any CPU.ActiveCfg = Release|Any CPU
		{BBED6825-0CB1-41EE-BDD9-FCE3ABCDFF48}.Release|Any CPU.Build.0 = Release|Any CPU
		{1A4FC568-945D-425A-B195-D9E0817D0E11}.Debug|Any CPU.ActiveCfg = Debug|Any CPU
		{1A4FC568-945D-425A-B195-D9E0817D0E11}.Debug|Any CPU.Build.0 = Debug|Any CPU
		{1A4FC568-945D-425A-B195-D9E0817D0E11}.Release|Any CPU.ActiveCfg = Release|Any CPU
		{1A4FC568-945D-425A-B195-D9E0817D0E11}.Release|Any CPU.Build.0 = Release|Any CPU
		{90387677-B99B-43D4-AB94-BC348EDEADDE}.Debug|Any CPU.ActiveCfg = Debug|Any CPU
		{90387677-B99B-43D4-AB94-BC348EDEADDE}.Debug|Any CPU.Build.0 = Debug|Any CPU
		{90387677-B99B-43D4-AB94-BC348EDEADDE}.Release|Any CPU.ActiveCfg = Release|Any CPU
		{90387677-B99B-43D4-AB94-BC348EDEADDE}.Release|Any CPU.Build.0 = Release|Any CPU
		{E80C4016-2A6B-46FC-8799-C2871B847153}.Debug|Any CPU.ActiveCfg = Debug|Any CPU
		{E80C4016-2A6B-46FC-8799-C2871B847153}.Debug|Any CPU.Build.0 = Debug|Any CPU
		{E80C4016-2A6B-46FC-8799-C2871B847153}.Release|Any CPU.ActiveCfg = Release|Any CPU
		{E80C4016-2A6B-46FC-8799-C2871B847153}.Release|Any CPU.Build.0 = Release|Any CPU
		{9B0F2E48-7EEB-4BF1-842B-C3358229F55C}.Debug|Any CPU.ActiveCfg = Debug|Any CPU
		{9B0F2E48-7EEB-4BF1-842B-C3358229F55C}.Debug|Any CPU.Build.0 = Debug|Any CPU
		{9B0F2E48-7EEB-4BF1-842B-C3358229F55C}.Release|Any CPU.ActiveCfg = Release|Any CPU
		{9B0F2E48-7EEB-4BF1-842B-C3358229F55C}.Release|Any CPU.Build.0 = Release|Any CPU
		{EDCE7CA1-0F7E-4B7C-B561-989EAAC07D16}.Debug|Any CPU.ActiveCfg = Debug|Any CPU
		{EDCE7CA1-0F7E-4B7C-B561-989EAAC07D16}.Debug|Any CPU.Build.0 = Debug|Any CPU
		{EDCE7CA1-0F7E-4B7C-B561-989EAAC07D16}.Release|Any CPU.ActiveCfg = Release|Any CPU
		{EDCE7CA1-0F7E-4B7C-B561-989EAAC07D16}.Release|Any CPU.Build.0 = Release|Any CPU
		{03AC3610-0789-4536-85AD-18202186B786}.Debug|Any CPU.ActiveCfg = Debug|Any CPU
		{03AC3610-0789-4536-85AD-18202186B786}.Debug|Any CPU.Build.0 = Debug|Any CPU
		{03AC3610-0789-4536-85AD-18202186B786}.Release|Any CPU.ActiveCfg = Release|Any CPU
		{03AC3610-0789-4536-85AD-18202186B786}.Release|Any CPU.Build.0 = Release|Any CPU
		{34F7E10C-5755-47BD-8A78-AA9927379A92}.Debug|Any CPU.ActiveCfg = Debug|Any CPU
		{34F7E10C-5755-47BD-8A78-AA9927379A92}.Debug|Any CPU.Build.0 = Debug|Any CPU
		{34F7E10C-5755-47BD-8A78-AA9927379A92}.Release|Any CPU.ActiveCfg = Release|Any CPU
		{34F7E10C-5755-47BD-8A78-AA9927379A92}.Release|Any CPU.Build.0 = Release|Any CPU
		{F57800F2-ED99-43C7-B5F8-21D9F5ACE156}.Debug|Any CPU.ActiveCfg = Debug|Any CPU
		{F57800F2-ED99-43C7-B5F8-21D9F5ACE156}.Debug|Any CPU.Build.0 = Debug|Any CPU
		{F57800F2-ED99-43C7-B5F8-21D9F5ACE156}.Release|Any CPU.ActiveCfg = Release|Any CPU
		{F57800F2-ED99-43C7-B5F8-21D9F5ACE156}.Release|Any CPU.Build.0 = Release|Any CPU
		{32C992CB-C1F6-4286-A629-52F0C4032F31}.Debug|Any CPU.ActiveCfg = Debug|Any CPU
		{32C992CB-C1F6-4286-A629-52F0C4032F31}.Debug|Any CPU.Build.0 = Debug|Any CPU
		{32C992CB-C1F6-4286-A629-52F0C4032F31}.Release|Any CPU.ActiveCfg = Release|Any CPU
		{32C992CB-C1F6-4286-A629-52F0C4032F31}.Release|Any CPU.Build.0 = Release|Any CPU
	EndGlobalSection
	GlobalSection(SolutionProperties) = preSolution
		HideSolutionNode = FALSE
	EndGlobalSection
	GlobalSection(NestedProjects) = preSolution
		{C18F3262-FE30-43F3-8AEC-8CAD558675B4} = {2E98E951-6371-4E3D-8DCA-6C9693E54632}
		{827D5652-2C42-46CD-999D-E59F8044C722} = {2E98E951-6371-4E3D-8DCA-6C9693E54632}
		{4868D9A8-9302-491F-BF72-5B8A35E5E3BC} = {2E98E951-6371-4E3D-8DCA-6C9693E54632}
		{1E35528F-A0FD-4402-94EC-73E1F02B8B16} = {2E98E951-6371-4E3D-8DCA-6C9693E54632}
		{5844F82F-6A70-49DE-9A75-813CD44DF8AC} = {2E98E951-6371-4E3D-8DCA-6C9693E54632}
		{A15A28FC-9E84-4CCA-B045-9E127A962C51} = {2E98E951-6371-4E3D-8DCA-6C9693E54632}
		{59086444-D02F-48EA-8915-4748DF98AB1D} = {2E98E951-6371-4E3D-8DCA-6C9693E54632}
		{724FEBFA-534A-4033-8673-144FE534F4DB} = {2E98E951-6371-4E3D-8DCA-6C9693E54632}
		{F387C249-EC14-4AD2-965E-A459FA4ECFF9} = {2E98E951-6371-4E3D-8DCA-6C9693E54632}
		{1EB089E0-841B-4951-A8E6-ED22511CD814} = {FDEE5884-785B-490E-9FF6-A380CDFAFE80}
		{01F631EB-20BD-4948-9090-0BA062015013} = {FDEE5884-785B-490E-9FF6-A380CDFAFE80}
		{20086D4D-4E2A-4199-BCB7-645342035C6B} = {FDEE5884-785B-490E-9FF6-A380CDFAFE80}
		{02FE6489-EEA2-4A31-B989-48D8156B966D} = {FDEE5884-785B-490E-9FF6-A380CDFAFE80}
		{6B84D238-906D-4875-B78C-4297F0BF1ABB} = {FDEE5884-785B-490E-9FF6-A380CDFAFE80}
		{DBC07C35-2FF7-46FB-B6D5-EFC258ECBBAC} = {FDEE5884-785B-490E-9FF6-A380CDFAFE80}
		{BBED6825-0CB1-41EE-BDD9-FCE3ABCDFF48} = {FDEE5884-785B-490E-9FF6-A380CDFAFE80}
		{1A4FC568-945D-425A-B195-D9E0817D0E11} = {FDEE5884-785B-490E-9FF6-A380CDFAFE80}
		{90387677-B99B-43D4-AB94-BC348EDEADDE} = {FDEE5884-785B-490E-9FF6-A380CDFAFE80}
		{E80C4016-2A6B-46FC-8799-C2871B847153} = {FDEE5884-785B-490E-9FF6-A380CDFAFE80}
		{9B0F2E48-7EEB-4BF1-842B-C3358229F55C} = {F3F98E05-4EC9-4511-A04E-08FBBBD64975}
		{EDCE7CA1-0F7E-4B7C-B561-989EAAC07D16} = {F3F98E05-4EC9-4511-A04E-08FBBBD64975}
		{03AC3610-0789-4536-85AD-18202186B786} = {F3F98E05-4EC9-4511-A04E-08FBBBD64975}
		{34F7E10C-5755-47BD-8A78-AA9927379A92} = {F3F98E05-4EC9-4511-A04E-08FBBBD64975}
		{F57800F2-ED99-43C7-B5F8-21D9F5ACE156} = {F3F98E05-4EC9-4511-A04E-08FBBBD64975}
		{32C992CB-C1F6-4286-A629-52F0C4032F31} = {F3F98E05-4EC9-4511-A04E-08FBBBD64975}
	EndGlobalSection
	GlobalSection(ExtensibilityGlobals) = postSolution
		SolutionGuid = {D9597674-D68C-4FA0-817A-89BCF129A117}
	EndGlobalSection
EndGlobal
